
Microsoft Visual Studio Solution File, Format Version 12.00
# Visual Studio Version 16
VisualStudioVersion = 16.0.30907.101
MinimumVisualStudioVersion = 10.0.40219.1
Project("{FAE04EC0-301F-11D3-BF4B-00C04F79EFBC}") = "MFC.Blog.Frontend", "MFC.Blog.Frontend\MFC.Blog.Frontend.csproj", "{A87F9484-EE39-4112-926B-7F2DD566847B}"
EndProject
Global
	GlobalSection(SolutionConfigurationPlatforms) = preSolution
		Debug|Any CPU = Debug|Any CPU
		Release|Any CPU = Release|Any CPU
	EndGlobalSection
	GlobalSection(ProjectConfigurationPlatforms) = postSolution
		{A87F9484-EE39-4112-926B-7F2DD566847B}.Debug|Any CPU.ActiveCfg = Debug|Any CPU
		{A87F9484-EE39-4112-926B-7F2DD566847B}.Debug|Any CPU.Build.0 = Debug|Any CPU
		{A87F9484-EE39-4112-926B-7F2DD566847B}.Release|Any CPU.ActiveCfg = Release|Any CPU
		{A87F9484-EE39-4112-926B-7F2DD566847B}.Release|Any CPU.Build.0 = Release|Any CPU
	EndGlobalSection
	GlobalSection(SolutionProperties) = preSolution
		HideSolutionNode = FALSE
	EndGlobalSection
	GlobalSection(ExtensibilityGlobals) = postSolution
		SolutionGuid = {B09167AE-B6B1-44A4-A42C-ED727C17B780}
	EndGlobalSection
EndGlobal
